{
  "object": {
    "pins": [
      {
        "package": "NotarizeDeps",
        "repositoryURL": "https://github.com/notarize/notarize-deps-ios",
        "state": {
          "branch": null,
          "revision": "a203d10b5db13eaf3b653fe97e6f9efb14ac9054",
          "version": "0.9.6"
        }
      },
      {
        "package": "NotarizeSigner",
        "repositoryURL": "https://github.com/notarize/NotarizeSigner-SPM.git",
        "state": {
          "branch": null,
          "revision": "1b3f1ba059ed7256b38f77b378c6b1b5b114d734",
          "version": "0.8.0"
        }
      }
    ]
  },
  "version": 1
}
