{
  "object": {
    "pins": [
      {
        "package": "NotarizeDeps",
        "repositoryURL": "https://github.com/notarize/notarize-deps-ios",
        "state": {
          "branch": null,
          "revision": "4c9bd22f2b6700e517f1cfadc44169b253367d74",
          "version": "0.8.0"
        }
      },
      {
        "package": "NotarizeSigner",
        "repositoryURL": "https://github.com/notarize/NotarizeSigner-SPM.git",
        "state": {
          "branch": null,
          "revision": "079e4dfe676d124d7a1697ac64eb3ecbe2ce38b2",
          "version": "0.7.0"
        }
      }
    ]
  },
  "version": 1
}
